<Solution>
  <Project Path="UniHumanoid.csproj" />
  <Project Path="UniGLTF.Editor.csproj" />
  <Project Path="UniGLTF.csproj" />
  <Project Path="Assembly-CSharp.csproj" />
  <Project Path="UniVRM.Editor.csproj" />
  <Project Path="VRM.csproj" />
  <Project Path="Extentions.csproj" />
  <Project Path="Core.Battle.csproj" />
  <Project Path="SpringBoneJobs.csproj" />
  <Project Path="MToon.Editor.csproj" />
  <Project Path="UniGLTF.Tests.csproj" />
  <Project Path="Assembly-CSharp-firstpass.csproj" />
  <Project Path="UniGLTF.Utils.csproj" />
  <Project Path="App.csproj" />
  <Project Path="BS.Editor.csproj" />
  <Project Path="GamePad.csproj" />
  <Project Path="VRM.Samples.Editor.Tests.csproj" />
  <Project Path="MToon.csproj" />
  <Project Path="VRM.Tests.csproj" />
  <Project Path="PlayMode.csproj" />
  <Project Path="Assembly-CSharp-Editor.csproj" />
  <Project Path="UniHumanoid.Editor.csproj" />
  <Project Path="Utils.csproj" />
  <Project Path="Core.Extras.csproj" />
  <Project Path="EditMode.csproj" />
  <Project Path="UniGLTF.UniUnlit.csproj" />
  <Project Path="UniGLTF.UniUnlit.Editor.csproj" />
  <Project Path="TestUtils.csproj" />
  <Project Path="UniHumanoid.Editor.Tests.csproj" />
</Solution>
