<Solution>
  <Project Path="UniHumanoid.csproj" />
  <Project Path="VRM10.Editor.csproj" />
  <Project Path="UniGLTF.Editor.csproj" />
  <Project Path="UniGLTF.csproj" />
  <Project Path="Assembly-CSharp.csproj" />
  <Project Path="VRM10.csproj" />
  <Project Path="Extentions.csproj" />
  <Project Path="Core.Battle.csproj" />
  <Project Path="SpringBoneJobs.csproj" />
  <Project Path="VrmLibTests.csproj" />
  <Project Path="VrmLib.csproj" />
  <Project Path="UniGLTF.Tests.csproj" />
  <Project Path="VRM10.MToon10.csproj" />
  <Project Path="Assembly-CSharp-firstpass.csproj" />
  <Project Path="UniGLTF.Utils.csproj" />
  <Project Path="App.csproj" />
  <Project Path="BS.Editor.csproj" />
  <Project Path="GamePad.csproj" />
  <Project Path="PlayMode.csproj" />
  <Project Path="Assembly-CSharp-Editor.csproj" />
  <Project Path="UniHumanoid.Editor.csproj" />
  <Project Path="VRM10.MToon10.Editor.csproj" />
  <Project Path="VRM10.Tests.csproj" />
  <Project Path="Utils.csproj" />
  <Project Path="Core.Extras.csproj" />
  <Project Path="EditMode.csproj" />
  <Project Path="UniGLTF.UniUnlit.csproj" />
  <Project Path="UniGLTF.UniUnlit.Editor.csproj" />
  <Project Path="TestUtils.csproj" />
  <Project Path="VRM10.MToon10.Tests.csproj" />
  <Project Path="FastSpringBone10.csproj" />
  <Project Path="UniHumanoid.Editor.Tests.csproj" />
</Solution>
