<Solution>
  <Project Path="Assembly-CSharp.csproj" />
  <Project Path="Extentions.csproj" />
  <Project Path="Assembly-CSharp-firstpass.csproj" />
  <Project Path="Assembly-CSharp-Editor.csproj" />
  <Project Path="GamePad.csproj" />
  <Project Path="PlayMode.csproj" />
  <Project Path="EventBus.csproj" />
  <Project Path="TestUtils.csproj" />
  <Project Path="EditMode.csproj" />
</Solution>
